// !$*UTF8*$!
{
	archiveVersion = 1;
	classes = {
	};
	objectVersion = 46;
	objects = {

/* Begin PBXBuildFile section */
		680BCD271802E85800CEBF9C /* Images.xcassets in Resources */ = {isa = PBXBuildFile; fileRef = 680BCD0D1802E85800CEBF9C /* Images.xcassets */; };
		680BCD281802E85800CEBF9C /* Main.storyboard in Resources */ = {isa = PBXBuildFile; fileRef = 680BCD0F1802E85800CEBF9C /* Main.storyboard */; };
		680BCD291802E85800CEBF9C /* InfoPlist.strings in Resources */ = {isa = PBXBuildFile; fileRef = 680BCD121802E85800CEBF9C /* InfoPlist.strings */; };
		680BCD2B1802E85800CEBF9C /* EXAppDelegate.m in Sources */ = {isa = PBXBuildFile; fileRef = 680BCD1A1802E85800CEBF9C /* EXAppDelegate.m */; };
		680BCD2C1802E85800CEBF9C /* main.m in Sources */ = {isa = PBXBuildFile; fileRef = 680BCD1B1802E85800CEBF9C /* main.m */; };
		680BCD2D1802E85800CEBF9C /* EXAlert.m in Sources */ = {isa = PBXBuildFile; fileRef = 680BCD1F1802E85800CEBF9C /* EXAlert.m */; };
		680BCD2E1802E85800CEBF9C /* NSString+Utils.m in Sources */ = {isa = PBXBuildFile; fileRef = 680BCD221802E85800CEBF9C /* NSString+Utils.m */; };
		680BCD2F1802E85800CEBF9C /* EXLoginViewController.m in Sources */ = {isa = PBXBuildFile; fileRef = 680BCD261802E85800CEBF9C /* EXLoginViewController.m */; };
		681136BE180418FE00BFB3BD /* EXContact.m in Sources */ = {isa = PBXBuildFile; fileRef = 681136BD180418FE00BFB3BD /* EXContact.m */; };
		681136C118041AC300BFB3BD /* EXContactsMapping.m in Sources */ = {isa = PBXBuildFile; fileRef = 681136C018041AC300BFB3BD /* EXContactsMapping.m */; };
		681136C4180439E100BFB3BD /* EXContactsService.m in Sources */ = {isa = PBXBuildFile; fileRef = 681136C3180439E100BFB3BD /* EXContactsService.m */; };
		681136C718054C7600BFB3BD /* EXContactsSyncViewController.m in Sources */ = {isa = PBXBuildFile; fileRef = 681136C618054C7600BFB3BD /* EXContactsSyncViewController.m */; };
		681136C918055FF400BFB3BD /* Settings.bundle in Resources */ = {isa = PBXBuildFile; fileRef = 681136C818055FF400BFB3BD /* Settings.bundle */; };
		681136CD18056DC400BFB3BD /* EXAppSettings.m in Sources */ = {isa = PBXBuildFile; fileRef = 681136CC18056DC400BFB3BD /* EXAppSettings.m */; };
		6879F6851802E7450069226A /* Foundation.framework in Frameworks */ = {isa = PBXBuildFile; fileRef = 6879F6841802E7450069226A /* Foundation.framework */; };
		6879F6871802E7450069226A /* CoreGraphics.framework in Frameworks */ = {isa = PBXBuildFile; fileRef = 6879F6861802E7450069226A /* CoreGraphics.framework */; };
		6879F6891802E7450069226A /* UIKit.framework in Frameworks */ = {isa = PBXBuildFile; fileRef = 6879F6881802E7450069226A /* UIKit.framework */; };
		68B7D9891806B0BE008B5D82 /* EXMainStoryboard.m in Sources */ = {isa = PBXBuildFile; fileRef = 68B7D9881806B0BE008B5D82 /* EXMainStoryboard.m */; };
		CF5806DF732B4CA8B8FC1B65 /* libPods.a in Frameworks */ = {isa = PBXBuildFile; fileRef = B1A38B55E8B94A4389447BA5 /* libPods.a */; };
/* End PBXBuildFile section */

/* Begin PBXFileReference section */
		680BCD0D1802E85800CEBF9C /* Images.xcassets */ = {isa = PBXFileReference; lastKnownFileType = folder.assetcatalog; path = Images.xcassets; sourceTree = "<group>"; };
		680BCD101802E85800CEBF9C /* Base */ = {isa = PBXFileReference; lastKnownFileType = file.storyboard; name = Base; path = Base.lproj/Main.storyboard; sourceTree = "<group>"; };
		680BCD131802E85800CEBF9C /* en */ = {isa = PBXFileReference; lastKnownFileType = text.plist.strings; name = en; path = en.lproj/InfoPlist.strings; sourceTree = "<group>"; };
		680BCD151802E85800CEBF9C /* contacts-Info.plist */ = {isa = PBXFileReference; fileEncoding = 4; lastKnownFileType = text.plist.xml; path = "contacts-Info.plist"; sourceTree = "<group>"; };
		680BCD181802E85800CEBF9C /* contacts-Prefix.pch */ = {isa = PBXFileReference; fileEncoding = 4; lastKnownFileType = sourcecode.c.h; path = "contacts-Prefix.pch"; sourceTree = "<group>"; };
		680BCD191802E85800CEBF9C /* EXAppDelegate.h */ = {isa = PBXFileReference; fileEncoding = 4; lastKnownFileType = sourcecode.c.h; path = EXAppDelegate.h; sourceTree = "<group>"; };
		680BCD1A1802E85800CEBF9C /* EXAppDelegate.m */ = {isa = PBXFileReference; fileEncoding = 4; lastKnownFileType = sourcecode.c.objc; path = EXAppDelegate.m; sourceTree = "<group>"; };
		680BCD1B1802E85800CEBF9C /* main.m */ = {isa = PBXFileReference; fileEncoding = 4; lastKnownFileType = sourcecode.c.objc; path = main.m; sourceTree = "<group>"; };
		680BCD1E1802E85800CEBF9C /* EXAlert.h */ = {isa = PBXFileReference; fileEncoding = 4; lastKnownFileType = sourcecode.c.h; path = EXAlert.h; sourceTree = "<group>"; };
		680BCD1F1802E85800CEBF9C /* EXAlert.m */ = {isa = PBXFileReference; fileEncoding = 4; lastKnownFileType = sourcecode.c.objc; path = EXAlert.m; sourceTree = "<group>"; };
		680BCD211802E85800CEBF9C /* NSString+Utils.h */ = {isa = PBXFileReference; fileEncoding = 4; lastKnownFileType = sourcecode.c.h; path = "NSString+Utils.h"; sourceTree = "<group>"; };
		680BCD221802E85800CEBF9C /* NSString+Utils.m */ = {isa = PBXFileReference; fileEncoding = 4; lastKnownFileType = sourcecode.c.objc; path = "NSString+Utils.m"; sourceTree = "<group>"; };
		680BCD251802E85800CEBF9C /* EXLoginViewController.h */ = {isa = PBXFileReference; fileEncoding = 4; lastKnownFileType = sourcecode.c.h; path = EXLoginViewController.h; sourceTree = "<group>"; };
		680BCD261802E85800CEBF9C /* EXLoginViewController.m */ = {isa = PBXFileReference; fileEncoding = 4; lastKnownFileType = sourcecode.c.objc; path = EXLoginViewController.m; sourceTree = "<group>"; };
		681136BC180418FE00BFB3BD /* EXContact.h */ = {isa = PBXFileReference; fileEncoding = 4; lastKnownFileType = sourcecode.c.h; path = EXContact.h; sourceTree = "<group>"; };
		681136BD180418FE00BFB3BD /* EXContact.m */ = {isa = PBXFileReference; fileEncoding = 4; lastKnownFileType = sourcecode.c.objc; path = EXContact.m; sourceTree = "<group>"; };
		681136BF18041AC300BFB3BD /* EXContactsMapping.h */ = {isa = PBXFileReference; fileEncoding = 4; lastKnownFileType = sourcecode.c.h; path = EXContactsMapping.h; sourceTree = "<group>"; };
		681136C018041AC300BFB3BD /* EXContactsMapping.m */ = {isa = PBXFileReference; fileEncoding = 4; lastKnownFileType = sourcecode.c.objc; path = EXContactsMapping.m; sourceTree = "<group>"; };
		681136C2180439E100BFB3BD /* EXContactsService.h */ = {isa = PBXFileReference; fileEncoding = 4; lastKnownFileType = sourcecode.c.h; path = EXContactsService.h; sourceTree = "<group>"; };
		681136C3180439E100BFB3BD /* EXContactsService.m */ = {isa = PBXFileReference; fileEncoding = 4; lastKnownFileType = sourcecode.c.objc; path = EXContactsService.m; sourceTree = "<group>"; };
		681136C518054C7600BFB3BD /* EXContactsSyncViewController.h */ = {isa = PBXFileReference; fileEncoding = 4; lastKnownFileType = sourcecode.c.h; path = EXContactsSyncViewController.h; sourceTree = "<group>"; };
		681136C618054C7600BFB3BD /* EXContactsSyncViewController.m */ = {isa = PBXFileReference; fileEncoding = 4; lastKnownFileType = sourcecode.c.objc; path = EXContactsSyncViewController.m; sourceTree = "<group>"; };
		681136C818055FF400BFB3BD /* Settings.bundle */ = {isa = PBXFileReference; lastKnownFileType = "wrapper.plug-in"; path = Settings.bundle; sourceTree = "<group>"; };
		681136CB18056DC400BFB3BD /* EXAppSettings.h */ = {isa = PBXFileReference; fileEncoding = 4; lastKnownFileType = sourcecode.c.h; path = EXAppSettings.h; sourceTree = "<group>"; };
		681136CC18056DC400BFB3BD /* EXAppSettings.m */ = {isa = PBXFileReference; fileEncoding = 4; lastKnownFileType = sourcecode.c.objc; path = EXAppSettings.m; sourceTree = "<group>"; };
		6879F6811802E7450069226A /* contacts.app */ = {isa = PBXFileReference; explicitFileType = wrapper.application; includeInIndex = 0; path = contacts.app; sourceTree = BUILT_PRODUCTS_DIR; };
		6879F6841802E7450069226A /* Foundation.framework */ = {isa = PBXFileReference; lastKnownFileType = wrapper.framework; name = Foundation.framework; path = System/Library/Frameworks/Foundation.framework; sourceTree = SDKROOT; };
		6879F6861802E7450069226A /* CoreGraphics.framework */ = {isa = PBXFileReference; lastKnownFileType = wrapper.framework; name = CoreGraphics.framework; path = System/Library/Frameworks/CoreGraphics.framework; sourceTree = SDKROOT; };
		6879F6881802E7450069226A /* UIKit.framework */ = {isa = PBXFileReference; lastKnownFileType = wrapper.framework; name = UIKit.framework; path = System/Library/Frameworks/UIKit.framework; sourceTree = SDKROOT; };
		6879F6A31802E7460069226A /* XCTest.framework */ = {isa = PBXFileReference; lastKnownFileType = wrapper.framework; name = XCTest.framework; path = Library/Frameworks/XCTest.framework; sourceTree = DEVELOPER_DIR; };
		68B7D9871806B0BE008B5D82 /* EXMainStoryboard.h */ = {isa = PBXFileReference; fileEncoding = 4; lastKnownFileType = sourcecode.c.h; path = EXMainStoryboard.h; sourceTree = "<group>"; };
		68B7D9881806B0BE008B5D82 /* EXMainStoryboard.m */ = {isa = PBXFileReference; fileEncoding = 4; lastKnownFileType = sourcecode.c.objc; path = EXMainStoryboard.m; sourceTree = "<group>"; };
		B1A38B55E8B94A4389447BA5 /* libPods.a */ = {isa = PBXFileReference; explicitFileType = archive.ar; includeInIndex = 0; path = libPods.a; sourceTree = BUILT_PRODUCTS_DIR; };
		B6ED67CD77984ED482212DB6 /* Pods.xcconfig */ = {isa = PBXFileReference; includeInIndex = 1; lastKnownFileType = text.xcconfig; name = Pods.xcconfig; path = Pods/Pods.xcconfig; sourceTree = "<group>"; };
/* End PBXFileReference section */

/* Begin PBXFrameworksBuildPhase section */
		6879F67E1802E7450069226A /* Frameworks */ = {
			isa = PBXFrameworksBuildPhase;
			buildActionMask = 2147483647;
			files = (
				6879F6871802E7450069226A /* CoreGraphics.framework in Frameworks */,
				6879F6891802E7450069226A /* UIKit.framework in Frameworks */,
				6879F6851802E7450069226A /* Foundation.framework in Frameworks */,
				CF5806DF732B4CA8B8FC1B65 /* libPods.a in Frameworks */,
			);
			runOnlyForDeploymentPostprocessing = 0;
		};
/* End PBXFrameworksBuildPhase section */

/* Begin PBXGroup section */
		680BCD0A1802E85800CEBF9C /* contacts */ = {
			isa = PBXGroup;
			children = (
				680BCD161802E85800CEBF9C /* Sources */,
				680BCD141802E85800CEBF9C /* Settings */,
				680BCD0B1802E85800CEBF9C /* Resources */,
			);
			path = contacts;
			sourceTree = "<group>";
		};
		680BCD0B1802E85800CEBF9C /* Resources */ = {
			isa = PBXGroup;
			children = (
				680BCD0C1802E85800CEBF9C /* Images */,
				680BCD0E1802E85800CEBF9C /* Storybards */,
				680BCD111802E85800CEBF9C /* Strings */,
			);
			path = Resources;
			sourceTree = "<group>";
		};
		680BCD0C1802E85800CEBF9C /* Images */ = {
			isa = PBXGroup;
			children = (
				680BCD0D1802E85800CEBF9C /* Images.xcassets */,
			);
			path = Images;
			sourceTree = "<group>";
		};
		680BCD0E1802E85800CEBF9C /* Storybards */ = {
			isa = PBXGroup;
			children = (
				680BCD0F1802E85800CEBF9C /* Main.storyboard */,
			);
			path = Storybards;
			sourceTree = "<group>";
		};
		680BCD111802E85800CEBF9C /* Strings */ = {
			isa = PBXGroup;
			children = (
				680BCD121802E85800CEBF9C /* InfoPlist.strings */,
			);
			path = Strings;
			sourceTree = "<group>";
		};
		680BCD141802E85800CEBF9C /* Settings */ = {
			isa = PBXGroup;
			children = (
				680BCD151802E85800CEBF9C /* contacts-Info.plist */,
				681136C818055FF400BFB3BD /* Settings.bundle */,
			);
			path = Settings;
			sourceTree = "<group>";
		};
		680BCD161802E85800CEBF9C /* Sources */ = {
			isa = PBXGroup;
			children = (
				680BCD171802E85800CEBF9C /* app */,
				681136B9180418E000BFB3BD /* rest */,
				680BCD1C1802E85800CEBF9C /* utils */,
				680BCD231802E85800CEBF9C /* view */,
			);
			path = Sources;
			sourceTree = "<group>";
		};
		680BCD171802E85800CEBF9C /* app */ = {
			isa = PBXGroup;
			children = (
				681136CA18056DA700BFB3BD /* settings */,
				680BCD181802E85800CEBF9C /* contacts-Prefix.pch */,
				680BCD191802E85800CEBF9C /* EXAppDelegate.h */,
				680BCD1A1802E85800CEBF9C /* EXAppDelegate.m */,
				680BCD1B1802E85800CEBF9C /* main.m */,
			);
			path = app;
			sourceTree = "<group>";
		};
		680BCD1C1802E85800CEBF9C /* utils */ = {
			isa = PBXGroup;
			children = (
				680BCD1D1802E85800CEBF9C /* alert */,
				680BCD201802E85800CEBF9C /* string */,
			);
			path = utils;
			sourceTree = "<group>";
		};
		680BCD1D1802E85800CEBF9C /* alert */ = {
			isa = PBXGroup;
			children = (
				680BCD1E1802E85800CEBF9C /* EXAlert.h */,
				680BCD1F1802E85800CEBF9C /* EXAlert.m */,
			);
			path = alert;
			sourceTree = "<group>";
		};
		680BCD201802E85800CEBF9C /* string */ = {
			isa = PBXGroup;
			children = (
				680BCD211802E85800CEBF9C /* NSString+Utils.h */,
				680BCD221802E85800CEBF9C /* NSString+Utils.m */,
			);
			path = string;
			sourceTree = "<group>";
		};
		680BCD231802E85800CEBF9C /* view */ = {
			isa = PBXGroup;
			children = (
				68B7D9861806B09B008B5D82 /* constants */,
				680BCD241802E85800CEBF9C /* controller */,
			);
			path = view;
			sourceTree = "<group>";
		};
		680BCD241802E85800CEBF9C /* controller */ = {
			isa = PBXGroup;
			children = (
				680BCD251802E85800CEBF9C /* EXLoginViewController.h */,
				680BCD261802E85800CEBF9C /* EXLoginViewController.m */,
				681136C518054C7600BFB3BD /* EXContactsSyncViewController.h */,
				681136C618054C7600BFB3BD /* EXContactsSyncViewController.m */,
			);
			path = controller;
			sourceTree = "<group>";
		};
		681136B9180418E000BFB3BD /* rest */ = {
			isa = PBXGroup;
			children = (
				681136BA180418E000BFB3BD /* data */,
				681136BB180418E000BFB3BD /* service */,
			);
			path = rest;
			sourceTree = "<group>";
		};
		681136BA180418E000BFB3BD /* data */ = {
			isa = PBXGroup;
			children = (
				681136BC180418FE00BFB3BD /* EXContact.h */,
				681136BD180418FE00BFB3BD /* EXContact.m */,
			);
			path = data;
			sourceTree = "<group>";
		};
		681136BB180418E000BFB3BD /* service */ = {
			isa = PBXGroup;
			children = (
				681136BF18041AC300BFB3BD /* EXContactsMapping.h */,
				681136C018041AC300BFB3BD /* EXContactsMapping.m */,
				681136C2180439E100BFB3BD /* EXContactsService.h */,
				681136C3180439E100BFB3BD /* EXContactsService.m */,
			);
			path = service;
			sourceTree = "<group>";
		};
		681136CA18056DA700BFB3BD /* settings */ = {
			isa = PBXGroup;
			children = (
				681136CB18056DC400BFB3BD /* EXAppSettings.h */,
				681136CC18056DC400BFB3BD /* EXAppSettings.m */,
			);
			path = settings;
			sourceTree = "<group>";
		};
		6879F6781802E7450069226A = {
			isa = PBXGroup;
			children = (
				680BCD0A1802E85800CEBF9C /* contacts */,
				6879F6831802E7450069226A /* Frameworks */,
				6879F6821802E7450069226A /* Products */,
				B6ED67CD77984ED482212DB6 /* Pods.xcconfig */,
			);
			sourceTree = "<group>";
		};
		6879F6821802E7450069226A /* Products */ = {
			isa = PBXGroup;
			children = (
				6879F6811802E7450069226A /* contacts.app */,
			);
			name = Products;
			sourceTree = "<group>";
		};
		6879F6831802E7450069226A /* Frameworks */ = {
			isa = PBXGroup;
			children = (
				6879F6841802E7450069226A /* Foundation.framework */,
				6879F6861802E7450069226A /* CoreGraphics.framework */,
				6879F6881802E7450069226A /* UIKit.framework */,
				6879F6A31802E7460069226A /* XCTest.framework */,
				B1A38B55E8B94A4389447BA5 /* libPods.a */,
			);
			name = Frameworks;
			sourceTree = "<group>";
		};
		68B7D9861806B09B008B5D82 /* constants */ = {
			isa = PBXGroup;
			children = (
				68B7D9871806B0BE008B5D82 /* EXMainStoryboard.h */,
				68B7D9881806B0BE008B5D82 /* EXMainStoryboard.m */,
			);
			path = constants;
			sourceTree = "<group>";
		};
/* End PBXGroup section */

/* Begin PBXNativeTarget section */
		6879F6801802E7450069226A /* contacts */ = {
			isa = PBXNativeTarget;
			buildConfigurationList = 6879F6B31802E7460069226A /* Build configuration list for PBXNativeTarget "contacts" */;
			buildPhases = (
				D07CB34F375841E29DE42B45 /* Check Pods Manifest.lock */,
				6879F67D1802E7450069226A /* Sources */,
				6879F67E1802E7450069226A /* Frameworks */,
				6879F67F1802E7450069226A /* Resources */,
				1C09B8D99AE24943A1DD2230 /* Copy Pods Resources */,
			);
			buildRules = (
			);
			dependencies = (
			);
			name = contacts;
			productName = contacts;
			productReference = 6879F6811802E7450069226A /* contacts.app */;
			productType = "com.apple.product-type.application";
		};
/* End PBXNativeTarget section */

/* Begin PBXProject section */
		6879F6791802E7450069226A /* Project object */ = {
			isa = PBXProject;
			attributes = {
				CLASSPREFIX = EX;
				LastUpgradeCheck = 0500;
				ORGANIZATIONNAME = "Sergey Seroshtan";
			};
			buildConfigurationList = 6879F67C1802E7450069226A /* Build configuration list for PBXProject "contacts" */;
			compatibilityVersion = "Xcode 3.2";
			developmentRegion = English;
			hasScannedForEncodings = 0;
			knownRegions = (
				en,
				Base,
			);
			mainGroup = 6879F6781802E7450069226A;
			productRefGroup = 6879F6821802E7450069226A /* Products */;
			projectDirPath = "";
			projectRoot = "";
			targets = (
				6879F6801802E7450069226A /* contacts */,
			);
		};
/* End PBXProject section */

/* Begin PBXResourcesBuildPhase section */
		6879F67F1802E7450069226A /* Resources */ = {
			isa = PBXResourcesBuildPhase;
			buildActionMask = 2147483647;
			files = (
				681136C918055FF400BFB3BD /* Settings.bundle in Resources */,
				680BCD271802E85800CEBF9C /* Images.xcassets in Resources */,
				680BCD291802E85800CEBF9C /* InfoPlist.strings in Resources */,
				680BCD281802E85800CEBF9C /* Main.storyboard in Resources */,
			);
			runOnlyForDeploymentPostprocessing = 0;
		};
/* End PBXResourcesBuildPhase section */

/* Begin PBXShellScriptBuildPhase section */
		1C09B8D99AE24943A1DD2230 /* Copy Pods Resources */ = {
			isa = PBXShellScriptBuildPhase;
			buildActionMask = 2147483647;
			files = (
			);
			inputPaths = (
			);
			name = "Copy Pods Resources";
			outputPaths = (
			);
			runOnlyForDeploymentPostprocessing = 0;
			shellPath = /bin/sh;
			shellScript = "\"${SRCROOT}/Pods/Pods-resources.sh\"\n";
			showEnvVarsInLog = 0;
		};
		D07CB34F375841E29DE42B45 /* Check Pods Manifest.lock */ = {
			isa = PBXShellScriptBuildPhase;
			buildActionMask = 2147483647;
			files = (
			);
			inputPaths = (
			);
			name = "Check Pods Manifest.lock";
			outputPaths = (
			);
			runOnlyForDeploymentPostprocessing = 0;
			shellPath = /bin/sh;
			shellScript = "diff \"${PODS_ROOT}/../Podfile.lock\" \"${PODS_ROOT}/Manifest.lock\" > /dev/null\nif [[ $? != 0 ]] ; then\n    cat << EOM\nerror: The sandbox is not in sync with the Podfile.lock. Run 'pod install' or update your CocoaPods installation.\nEOM\n    exit 1\nfi\n";
			showEnvVarsInLog = 0;
		};
/* End PBXShellScriptBuildPhase section */

/* Begin PBXSourcesBuildPhase section */
		6879F67D1802E7450069226A /* Sources */ = {
			isa = PBXSourcesBuildPhase;
			buildActionMask = 2147483647;
			files = (
				680BCD2C1802E85800CEBF9C /* main.m in Sources */,
				680BCD2D1802E85800CEBF9C /* EXAlert.m in Sources */,
				680BCD2F1802E85800CEBF9C /* EXLoginViewController.m in Sources */,
				681136CD18056DC400BFB3BD /* EXAppSettings.m in Sources */,
				681136C4180439E100BFB3BD /* EXContactsService.m in Sources */,
				68B7D9891806B0BE008B5D82 /* EXMainStoryboard.m in Sources */,
				680BCD2B1802E85800CEBF9C /* EXAppDelegate.m in Sources */,
				681136C718054C7600BFB3BD /* EXContactsSyncViewController.m in Sources */,
				681136C118041AC300BFB3BD /* EXContactsMapping.m in Sources */,
				680BCD2E1802E85800CEBF9C /* NSString+Utils.m in Sources */,
				681136BE180418FE00BFB3BD /* EXContact.m in Sources */,
			);
			runOnlyForDeploymentPostprocessing = 0;
		};
/* End PBXSourcesBuildPhase section */

/* Begin PBXVariantGroup section */
		680BCD0F1802E85800CEBF9C /* Main.storyboard */ = {
			isa = PBXVariantGroup;
			children = (
				680BCD101802E85800CEBF9C /* Base */,
			);
			name = Main.storyboard;
			sourceTree = "<group>";
		};
		680BCD121802E85800CEBF9C /* InfoPlist.strings */ = {
			isa = PBXVariantGroup;
			children = (
				680BCD131802E85800CEBF9C /* en */,
			);
			name = InfoPlist.strings;
			sourceTree = "<group>";
		};
/* End PBXVariantGroup section */

/* Begin XCBuildConfiguration section */
		6879F6B11802E7460069226A /* Debug */ = {
			isa = XCBuildConfiguration;
			buildSettings = {
				ALWAYS_SEARCH_USER_PATHS = NO;
				ARCHS = "$(ARCHS_STANDARD_INCLUDING_64_BIT)";
				CLANG_CXX_LANGUAGE_STANDARD = "gnu++0x";
				CLANG_CXX_LIBRARY = "libc++";
				CLANG_ENABLE_MODULES = YES;
				CLANG_ENABLE_OBJC_ARC = YES;
				CLANG_WARN_BOOL_CONVERSION = YES;
				CLANG_WARN_CONSTANT_CONVERSION = YES;
				CLANG_WARN_DIRECT_OBJC_ISA_USAGE = YES_ERROR;
				CLANG_WARN_EMPTY_BODY = YES;
				CLANG_WARN_ENUM_CONVERSION = YES;
				CLANG_WARN_INT_CONVERSION = YES;
				CLANG_WARN_OBJC_ROOT_CLASS = YES_ERROR;
				CLANG_WARN__DUPLICATE_METHOD_MATCH = YES;
				"CODE_SIGN_IDENTITY[sdk=iphoneos*]" = "iPhone Developer";
				COPY_PHASE_STRIP = NO;
				GCC_C_LANGUAGE_STANDARD = gnu99;
				GCC_DYNAMIC_NO_PIC = NO;
				GCC_OPTIMIZATION_LEVEL = 0;
				GCC_PREPROCESSOR_DEFINITIONS = (
					"DEBUG=1",
					"$(inherited)",
				);
				GCC_SYMBOLS_PRIVATE_EXTERN = NO;
				GCC_WARN_64_TO_32_BIT_CONVERSION = YES;
				GCC_WARN_ABOUT_RETURN_TYPE = YES_ERROR;
				GCC_WARN_UNDECLARED_SELECTOR = YES;
				GCC_WARN_UNINITIALIZED_AUTOS = YES;
				GCC_WARN_UNUSED_FUNCTION = YES;
				GCC_WARN_UNUSED_VARIABLE = YES;
				IPHONEOS_DEPLOYMENT_TARGET = 7.0;
				ONLY_ACTIVE_ARCH = YES;
				SDKROOT = iphoneos;
			};
			name = Debug;
		};
		6879F6B21802E7460069226A /* Release */ = {
			isa = XCBuildConfiguration;
			buildSettings = {
				ALWAYS_SEARCH_USER_PATHS = NO;
				ARCHS = "$(ARCHS_STANDARD_INCLUDING_64_BIT)";
				CLANG_CXX_LANGUAGE_STANDARD = "gnu++0x";
				CLANG_CXX_LIBRARY = "libc++";
				CLANG_ENABLE_MODULES = YES;
				CLANG_ENABLE_OBJC_ARC = YES;
				CLANG_WARN_BOOL_CONVERSION = YES;
				CLANG_WARN_CONSTANT_CONVERSION = YES;
				CLANG_WARN_DIRECT_OBJC_ISA_USAGE = YES_ERROR;
				CLANG_WARN_EMPTY_BODY = YES;
				CLANG_WARN_ENUM_CONVERSION = YES;
				CLANG_WARN_INT_CONVERSION = YES;
				CLANG_WARN_OBJC_ROOT_CLASS = YES_ERROR;
				CLANG_WARN__DUPLICATE_METHOD_MATCH = YES;
				"CODE_SIGN_IDENTITY[sdk=iphoneos*]" = "iPhone Developer";
				COPY_PHASE_STRIP = YES;
				ENABLE_NS_ASSERTIONS = NO;
				GCC_C_LANGUAGE_STANDARD = gnu99;
				GCC_WARN_64_TO_32_BIT_CONVERSION = YES;
				GCC_WARN_ABOUT_RETURN_TYPE = YES_ERROR;
				GCC_WARN_UNDECLARED_SELECTOR = YES;
				GCC_WARN_UNINITIALIZED_AUTOS = YES;
				GCC_WARN_UNUSED_FUNCTION = YES;
				GCC_WARN_UNUSED_VARIABLE = YES;
				IPHONEOS_DEPLOYMENT_TARGET = 7.0;
				SDKROOT = iphoneos;
				VALIDATE_PRODUCT = YES;
			};
			name = Release;
		};
		6879F6B41802E7460069226A /* Debug */ = {
			isa = XCBuildConfiguration;
			baseConfigurationReference = B6ED67CD77984ED482212DB6 /* Pods.xcconfig */;
			buildSettings = {
				ASSETCATALOG_COMPILER_APPICON_NAME = AppIcon;
				ASSETCATALOG_COMPILER_LAUNCHIMAGE_NAME = LaunchImage;
				GCC_PRECOMPILE_PREFIX_HEADER = YES;
				GCC_PREFIX_HEADER = "contacts/Sources/app/contacts-Prefix.pch";
				INFOPLIST_FILE = "contacts/Settings/contacts-Info.plist";
				PRODUCT_NAME = "$(TARGET_NAME)";
				WRAPPER_EXTENSION = app;
			};
			name = Debug;
		};
		6879F6B51802E7460069226A /* Release */ = {
			isa = XCBuildConfiguration;
			baseConfigurationReference = B6ED67CD77984ED482212DB6 /* Pods.xcconfig */;
			buildSettings = {
				ASSETCATALOG_COMPILER_APPICON_NAME = AppIcon;
				ASSETCATALOG_COMPILER_LAUNCHIMAGE_NAME = LaunchImage;
				GCC_PRECOMPILE_PREFIX_HEADER = YES;
				GCC_PREFIX_HEADER = "contacts/Sources/app/contacts-Prefix.pch";
				INFOPLIST_FILE = "contacts/Settings/contacts-Info.plist";
				PRODUCT_NAME = "$(TARGET_NAME)";
				WRAPPER_EXTENSION = app;
			};
			name = Release;
		};
/* End XCBuildConfiguration section */

/* Begin XCConfigurationList section */
		6879F67C1802E7450069226A /* Build configuration list for PBXProject "contacts" */ = {
			isa = XCConfigurationList;
			buildConfigurations = (
				6879F6B11802E7460069226A /* Debug */,
				6879F6B21802E7460069226A /* Release */,
			);
			defaultConfigurationIsVisible = 0;
			defaultConfigurationName = Release;
		};
		6879F6B31802E7460069226A /* Build configuration list for PBXNativeTarget "contacts" */ = {
			isa = XCConfigurationList;
			buildConfigurations = (
				6879F6B41802E7460069226A /* Debug */,
				6879F6B51802E7460069226A /* Release */,
			);
			defaultConfigurationIsVisible = 0;
			defaultConfigurationName = Release;
		};
/* End XCConfigurationList section */
	};
	rootObject = 6879F6791802E7450069226A /* Project object */;
}
