// !$*UTF8*$!
{
	archiveVersion = 1;
	classes = {
	};
	objectVersion = 46;
	objects = {

/* Begin PBXAggregateTarget section */
		6877C322180C200F009BA4F2 /* mogenerator */ = {
			isa = PBXAggregateTarget;
			buildConfigurationList = 6877C325180C200F009BA4F2 /* Build configuration list for PBXAggregateTarget "mogenerator" */;
			buildPhases = (
				6877C327180C222C009BA4F2 /* ShellScript */,
			);
			dependencies = (
			);
			name = mogenerator;
			productName = mogenerator;
		};
/* End PBXAggregateTarget section */

/* Begin PBXBuildFile section */
		68038CFE1807E45100ECCBA2 /* EXAddressBookDeniedViewController.m in Sources */ = {isa = PBXBuildFile; fileRef = 68038CFD1807E45100ECCBA2 /* EXAddressBookDeniedViewController.m */; };
		680BCD271802E85800CEBF9C /* Images.xcassets in Resources */ = {isa = PBXBuildFile; fileRef = 680BCD0D1802E85800CEBF9C /* Images.xcassets */; };
		680BCD281802E85800CEBF9C /* Main.storyboard in Resources */ = {isa = PBXBuildFile; fileRef = 680BCD0F1802E85800CEBF9C /* Main.storyboard */; };
		680BCD291802E85800CEBF9C /* InfoPlist.strings in Resources */ = {isa = PBXBuildFile; fileRef = 680BCD121802E85800CEBF9C /* InfoPlist.strings */; };
		680BCD2B1802E85800CEBF9C /* EXAppDelegate.m in Sources */ = {isa = PBXBuildFile; fileRef = 680BCD1A1802E85800CEBF9C /* EXAppDelegate.m */; };
		680BCD2C1802E85800CEBF9C /* main.m in Sources */ = {isa = PBXBuildFile; fileRef = 680BCD1B1802E85800CEBF9C /* main.m */; };
		680BCD2D1802E85800CEBF9C /* EXAlert.m in Sources */ = {isa = PBXBuildFile; fileRef = 680BCD1F1802E85800CEBF9C /* EXAlert.m */; };
		680BCD2E1802E85800CEBF9C /* NSString+Utils.m in Sources */ = {isa = PBXBuildFile; fileRef = 680BCD221802E85800CEBF9C /* NSString+Utils.m */; };
		680BCD2F1802E85800CEBF9C /* EXLoginViewController.m in Sources */ = {isa = PBXBuildFile; fileRef = 680BCD261802E85800CEBF9C /* EXLoginViewController.m */; };
		681136C718054C7600BFB3BD /* EXContactsViewController.m in Sources */ = {isa = PBXBuildFile; fileRef = 681136C618054C7600BFB3BD /* EXContactsViewController.m */; };
		681136C918055FF400BFB3BD /* Settings.bundle in Resources */ = {isa = PBXBuildFile; fileRef = 681136C818055FF400BFB3BD /* Settings.bundle */; };
		681136CD18056DC400BFB3BD /* EXAppSettings.m in Sources */ = {isa = PBXBuildFile; fileRef = 681136CC18056DC400BFB3BD /* EXAppSettings.m */; };
		682BA2991813E142007498CE /* EXContact.m in Sources */ = {isa = PBXBuildFile; fileRef = 682BA27E1813E142007498CE /* EXContact.m */; };
		682BA29A1813E142007498CE /* EXContactsMapping.m in Sources */ = {isa = PBXBuildFile; fileRef = 682BA2811813E142007498CE /* EXContactsMapping.m */; };
		682BA29B1813E142007498CE /* EXContactsService.m in Sources */ = {isa = PBXBuildFile; fileRef = 682BA2831813E142007498CE /* EXContactsService.m */; };
		682BA29C1813E142007498CE /* EXABPersonAttribute.m in Sources */ = {isa = PBXBuildFile; fileRef = 682BA2871813E142007498CE /* EXABPersonAttribute.m */; };
		682BA29D1813E142007498CE /* EXContactsAddressBook.m in Sources */ = {isa = PBXBuildFile; fileRef = 682BA2891813E142007498CE /* EXContactsAddressBook.m */; };
		682BA29E1813E142007498CE /* EXContactsStorage.m in Sources */ = {isa = PBXBuildFile; fileRef = 682BA28B1813E142007498CE /* EXContactsStorage.m */; };
		682BA29F1813E142007498CE /* EXContactInfo.m in Sources */ = {isa = PBXBuildFile; fileRef = 682BA2901813E142007498CE /* EXContactInfo.m */; };
		682BA2A01813E142007498CE /* _EXContactInfo.m in Sources */ = {isa = PBXBuildFile; fileRef = 682BA2931813E142007498CE /* _EXContactInfo.m */; };
		682BA2A11813E142007498CE /* EXContactsInfoStorage.m in Sources */ = {isa = PBXBuildFile; fileRef = 682BA2951813E142007498CE /* EXContactsInfoStorage.m */; };
		682BA2A21813E142007498CE /* EXContactsPhotoSyncer.m in Sources */ = {isa = PBXBuildFile; fileRef = 682BA2981813E142007498CE /* EXContactsPhotoSyncer.m */; };
		682BA2A51813E192007498CE /* EXContactsSyncer.m in Sources */ = {isa = PBXBuildFile; fileRef = 682BA2A41813E192007498CE /* EXContactsSyncer.m */; };
		6877C32A180C2299009BA4F2 /* contacts.xcdatamodeld in Sources */ = {isa = PBXBuildFile; fileRef = 6877C328180C2299009BA4F2 /* contacts.xcdatamodeld */; };
		6879F6851802E7450069226A /* Foundation.framework in Frameworks */ = {isa = PBXBuildFile; fileRef = 6879F6841802E7450069226A /* Foundation.framework */; };
		6879F6871802E7450069226A /* CoreGraphics.framework in Frameworks */ = {isa = PBXBuildFile; fileRef = 6879F6861802E7450069226A /* CoreGraphics.framework */; };
		6879F6891802E7450069226A /* UIKit.framework in Frameworks */ = {isa = PBXBuildFile; fileRef = 6879F6881802E7450069226A /* UIKit.framework */; };
		68B7D9891806B0BE008B5D82 /* EXMainStoryboard.m in Sources */ = {isa = PBXBuildFile; fileRef = 68B7D9881806B0BE008B5D82 /* EXMainStoryboard.m */; };
		CF5806DF732B4CA8B8FC1B65 /* libPods.a in Frameworks */ = {isa = PBXBuildFile; fileRef = B1A38B55E8B94A4389447BA5 /* libPods.a */; };
/* End PBXBuildFile section */

/* Begin PBXContainerItemProxy section */
		682BA2781812A9B6007498CE /* PBXContainerItemProxy */ = {
			isa = PBXContainerItemProxy;
			containerPortal = 6879F6791802E7450069226A /* Project object */;
			proxyType = 1;
			remoteGlobalIDString = 6877C322180C200F009BA4F2;
			remoteInfo = mogenerator;
		};
/* End PBXContainerItemProxy section */

/* Begin PBXFileReference section */
		68038CFC1807E45100ECCBA2 /* EXAddressBookDeniedViewController.h */ = {isa = PBXFileReference; fileEncoding = 4; lastKnownFileType = sourcecode.c.h; path = EXAddressBookDeniedViewController.h; sourceTree = "<group>"; };
		68038CFD1807E45100ECCBA2 /* EXAddressBookDeniedViewController.m */ = {isa = PBXFileReference; fileEncoding = 4; lastKnownFileType = sourcecode.c.objc; path = EXAddressBookDeniedViewController.m; sourceTree = "<group>"; };
		680BCD0D1802E85800CEBF9C /* Images.xcassets */ = {isa = PBXFileReference; lastKnownFileType = folder.assetcatalog; path = Images.xcassets; sourceTree = "<group>"; };
		680BCD101802E85800CEBF9C /* Base */ = {isa = PBXFileReference; lastKnownFileType = file.storyboard; name = Base; path = Base.lproj/Main.storyboard; sourceTree = "<group>"; };
		680BCD131802E85800CEBF9C /* en */ = {isa = PBXFileReference; lastKnownFileType = text.plist.strings; name = en; path = en.lproj/InfoPlist.strings; sourceTree = "<group>"; };
		680BCD151802E85800CEBF9C /* contacts-Info.plist */ = {isa = PBXFileReference; fileEncoding = 4; lastKnownFileType = text.plist.xml; path = "contacts-Info.plist"; sourceTree = "<group>"; };
		680BCD181802E85800CEBF9C /* contacts-Prefix.pch */ = {isa = PBXFileReference; fileEncoding = 4; lastKnownFileType = sourcecode.c.h; path = "contacts-Prefix.pch"; sourceTree = "<group>"; };
		680BCD191802E85800CEBF9C /* EXAppDelegate.h */ = {isa = PBXFileReference; fileEncoding = 4; lastKnownFileType = sourcecode.c.h; path = EXAppDelegate.h; sourceTree = "<group>"; };
		680BCD1A1802E85800CEBF9C /* EXAppDelegate.m */ = {isa = PBXFileReference; fileEncoding = 4; lastKnownFileType = sourcecode.c.objc; path = EXAppDelegate.m; sourceTree = "<group>"; };
		680BCD1B1802E85800CEBF9C /* main.m */ = {isa = PBXFileReference; fileEncoding = 4; lastKnownFileType = sourcecode.c.objc; path = main.m; sourceTree = "<group>"; };
		680BCD1E1802E85800CEBF9C /* EXAlert.h */ = {isa = PBXFileReference; fileEncoding = 4; lastKnownFileType = sourcecode.c.h; path = EXAlert.h; sourceTree = "<group>"; };
		680BCD1F1802E85800CEBF9C /* EXAlert.m */ = {isa = PBXFileReference; fileEncoding = 4; lastKnownFileType = sourcecode.c.objc; path = EXAlert.m; sourceTree = "<group>"; };
		680BCD211802E85800CEBF9C /* NSString+Utils.h */ = {isa = PBXFileReference; fileEncoding = 4; lastKnownFileType = sourcecode.c.h; path = "NSString+Utils.h"; sourceTree = "<group>"; };
		680BCD221802E85800CEBF9C /* NSString+Utils.m */ = {isa = PBXFileReference; fileEncoding = 4; lastKnownFileType = sourcecode.c.objc; path = "NSString+Utils.m"; sourceTree = "<group>"; };
		680BCD251802E85800CEBF9C /* EXLoginViewController.h */ = {isa = PBXFileReference; fileEncoding = 4; lastKnownFileType = sourcecode.c.h; path = EXLoginViewController.h; sourceTree = "<group>"; };
		680BCD261802E85800CEBF9C /* EXLoginViewController.m */ = {isa = PBXFileReference; fileEncoding = 4; lastKnownFileType = sourcecode.c.objc; path = EXLoginViewController.m; sourceTree = "<group>"; };
		681136C518054C7600BFB3BD /* EXContactsViewController.h */ = {isa = PBXFileReference; fileEncoding = 4; lastKnownFileType = sourcecode.c.h; path = EXContactsViewController.h; sourceTree = "<group>"; };
		681136C618054C7600BFB3BD /* EXContactsViewController.m */ = {isa = PBXFileReference; fileEncoding = 4; lastKnownFileType = sourcecode.c.objc; path = EXContactsViewController.m; sourceTree = "<group>"; };
		681136C818055FF400BFB3BD /* Settings.bundle */ = {isa = PBXFileReference; lastKnownFileType = "wrapper.plug-in"; path = Settings.bundle; sourceTree = "<group>"; };
		681136CB18056DC400BFB3BD /* EXAppSettings.h */ = {isa = PBXFileReference; fileEncoding = 4; lastKnownFileType = sourcecode.c.h; path = EXAppSettings.h; sourceTree = "<group>"; };
		681136CC18056DC400BFB3BD /* EXAppSettings.m */ = {isa = PBXFileReference; fileEncoding = 4; lastKnownFileType = sourcecode.c.objc; path = EXAppSettings.m; sourceTree = "<group>"; };
		682BA27D1813E142007498CE /* EXContact.h */ = {isa = PBXFileReference; fileEncoding = 4; lastKnownFileType = sourcecode.c.h; path = EXContact.h; sourceTree = "<group>"; };
		682BA27E1813E142007498CE /* EXContact.m */ = {isa = PBXFileReference; fileEncoding = 4; lastKnownFileType = sourcecode.c.objc; path = EXContact.m; sourceTree = "<group>"; };
		682BA2801813E142007498CE /* EXContactsMapping.h */ = {isa = PBXFileReference; fileEncoding = 4; lastKnownFileType = sourcecode.c.h; path = EXContactsMapping.h; sourceTree = "<group>"; };
		682BA2811813E142007498CE /* EXContactsMapping.m */ = {isa = PBXFileReference; fileEncoding = 4; lastKnownFileType = sourcecode.c.objc; path = EXContactsMapping.m; sourceTree = "<group>"; };
		682BA2821813E142007498CE /* EXContactsService.h */ = {isa = PBXFileReference; fileEncoding = 4; lastKnownFileType = sourcecode.c.h; path = EXContactsService.h; sourceTree = "<group>"; };
		682BA2831813E142007498CE /* EXContactsService.m */ = {isa = PBXFileReference; fileEncoding = 4; lastKnownFileType = sourcecode.c.objc; path = EXContactsService.m; sourceTree = "<group>"; };
		682BA2861813E142007498CE /* EXABPersonAttribute.h */ = {isa = PBXFileReference; fileEncoding = 4; lastKnownFileType = sourcecode.c.h; path = EXABPersonAttribute.h; sourceTree = "<group>"; };
		682BA2871813E142007498CE /* EXABPersonAttribute.m */ = {isa = PBXFileReference; fileEncoding = 4; lastKnownFileType = sourcecode.c.objc; path = EXABPersonAttribute.m; sourceTree = "<group>"; };
		682BA2881813E142007498CE /* EXContactsAddressBook.h */ = {isa = PBXFileReference; fileEncoding = 4; lastKnownFileType = sourcecode.c.h; path = EXContactsAddressBook.h; sourceTree = "<group>"; };
		682BA2891813E142007498CE /* EXContactsAddressBook.m */ = {isa = PBXFileReference; fileEncoding = 4; lastKnownFileType = sourcecode.c.objc; path = EXContactsAddressBook.m; sourceTree = "<group>"; };
		682BA28A1813E142007498CE /* EXContactsStorage.h */ = {isa = PBXFileReference; fileEncoding = 4; lastKnownFileType = sourcecode.c.h; path = EXContactsStorage.h; sourceTree = "<group>"; };
		682BA28B1813E142007498CE /* EXContactsStorage.m */ = {isa = PBXFileReference; fileEncoding = 4; lastKnownFileType = sourcecode.c.objc; path = EXContactsStorage.m; sourceTree = "<group>"; };
		682BA28F1813E142007498CE /* EXContactInfo.h */ = {isa = PBXFileReference; fileEncoding = 4; lastKnownFileType = sourcecode.c.h; path = EXContactInfo.h; sourceTree = "<group>"; };
		682BA2901813E142007498CE /* EXContactInfo.m */ = {isa = PBXFileReference; fileEncoding = 4; lastKnownFileType = sourcecode.c.objc; path = EXContactInfo.m; sourceTree = "<group>"; };
		682BA2921813E142007498CE /* _EXContactInfo.h */ = {isa = PBXFileReference; fileEncoding = 4; lastKnownFileType = sourcecode.c.h; path = _EXContactInfo.h; sourceTree = "<group>"; };
		682BA2931813E142007498CE /* _EXContactInfo.m */ = {isa = PBXFileReference; fileEncoding = 4; lastKnownFileType = sourcecode.c.objc; path = _EXContactInfo.m; sourceTree = "<group>"; };
		682BA2941813E142007498CE /* EXContactsInfoStorage.h */ = {isa = PBXFileReference; fileEncoding = 4; lastKnownFileType = sourcecode.c.h; path = EXContactsInfoStorage.h; sourceTree = "<group>"; };
		682BA2951813E142007498CE /* EXContactsInfoStorage.m */ = {isa = PBXFileReference; fileEncoding = 4; lastKnownFileType = sourcecode.c.objc; path = EXContactsInfoStorage.m; sourceTree = "<group>"; };
		682BA2971813E142007498CE /* EXContactsPhotoSyncer.h */ = {isa = PBXFileReference; fileEncoding = 4; lastKnownFileType = sourcecode.c.h; path = EXContactsPhotoSyncer.h; sourceTree = "<group>"; };
		682BA2981813E142007498CE /* EXContactsPhotoSyncer.m */ = {isa = PBXFileReference; fileEncoding = 4; lastKnownFileType = sourcecode.c.objc; path = EXContactsPhotoSyncer.m; sourceTree = "<group>"; };
		682BA2A31813E192007498CE /* EXContactsSyncer.h */ = {isa = PBXFileReference; fileEncoding = 4; lastKnownFileType = sourcecode.c.h; path = EXContactsSyncer.h; sourceTree = "<group>"; };
		682BA2A41813E192007498CE /* EXContactsSyncer.m */ = {isa = PBXFileReference; fileEncoding = 4; lastKnownFileType = sourcecode.c.objc; path = EXContactsSyncer.m; sourceTree = "<group>"; };
		6877C329180C2299009BA4F2 /* contacts.xcdatamodel */ = {isa = PBXFileReference; lastKnownFileType = wrapper.xcdatamodel; path = contacts.xcdatamodel; sourceTree = "<group>"; };
		6879F6811802E7450069226A /* contacts.app */ = {isa = PBXFileReference; explicitFileType = wrapper.application; includeInIndex = 0; path = contacts.app; sourceTree = BUILT_PRODUCTS_DIR; };
		6879F6841802E7450069226A /* Foundation.framework */ = {isa = PBXFileReference; lastKnownFileType = wrapper.framework; name = Foundation.framework; path = System/Library/Frameworks/Foundation.framework; sourceTree = SDKROOT; };
		6879F6861802E7450069226A /* CoreGraphics.framework */ = {isa = PBXFileReference; lastKnownFileType = wrapper.framework; name = CoreGraphics.framework; path = System/Library/Frameworks/CoreGraphics.framework; sourceTree = SDKROOT; };
		6879F6881802E7450069226A /* UIKit.framework */ = {isa = PBXFileReference; lastKnownFileType = wrapper.framework; name = UIKit.framework; path = System/Library/Frameworks/UIKit.framework; sourceTree = SDKROOT; };
		6879F6A31802E7460069226A /* XCTest.framework */ = {isa = PBXFileReference; lastKnownFileType = wrapper.framework; name = XCTest.framework; path = Library/Frameworks/XCTest.framework; sourceTree = DEVELOPER_DIR; };
		68B7D9871806B0BE008B5D82 /* EXMainStoryboard.h */ = {isa = PBXFileReference; fileEncoding = 4; lastKnownFileType = sourcecode.c.h; path = EXMainStoryboard.h; sourceTree = "<group>"; };
		68B7D9881806B0BE008B5D82 /* EXMainStoryboard.m */ = {isa = PBXFileReference; fileEncoding = 4; lastKnownFileType = sourcecode.c.objc; path = EXMainStoryboard.m; sourceTree = "<group>"; };
		B1A38B55E8B94A4389447BA5 /* libPods.a */ = {isa = PBXFileReference; explicitFileType = archive.ar; includeInIndex = 0; path = libPods.a; sourceTree = BUILT_PRODUCTS_DIR; };
		B6ED67CD77984ED482212DB6 /* Pods.xcconfig */ = {isa = PBXFileReference; includeInIndex = 1; lastKnownFileType = text.xcconfig; name = Pods.xcconfig; path = Pods/Pods.xcconfig; sourceTree = "<group>"; };
/* End PBXFileReference section */

/* Begin PBXFrameworksBuildPhase section */
		6879F67E1802E7450069226A /* Frameworks */ = {
			isa = PBXFrameworksBuildPhase;
			buildActionMask = 2147483647;
			files = (
				6879F6871802E7450069226A /* CoreGraphics.framework in Frameworks */,
				6879F6891802E7450069226A /* UIKit.framework in Frameworks */,
				6879F6851802E7450069226A /* Foundation.framework in Frameworks */,
				CF5806DF732B4CA8B8FC1B65 /* libPods.a in Frameworks */,
			);
			runOnlyForDeploymentPostprocessing = 0;
		};
/* End PBXFrameworksBuildPhase section */

/* Begin PBXGroup section */
		680BCD0A1802E85800CEBF9C /* contacts */ = {
			isa = PBXGroup;
			children = (
				680BCD161802E85800CEBF9C /* Sources */,
				680BCD141802E85800CEBF9C /* Settings */,
				680BCD0B1802E85800CEBF9C /* Resources */,
			);
			path = contacts;
			sourceTree = "<group>";
		};
		680BCD0B1802E85800CEBF9C /* Resources */ = {
			isa = PBXGroup;
			children = (
				68B23A68180819B600722C74 /* Database */,
				680BCD0C1802E85800CEBF9C /* Images */,
				680BCD0E1802E85800CEBF9C /* Storybards */,
				680BCD111802E85800CEBF9C /* Strings */,
			);
			path = Resources;
			sourceTree = "<group>";
		};
		680BCD0C1802E85800CEBF9C /* Images */ = {
			isa = PBXGroup;
			children = (
				680BCD0D1802E85800CEBF9C /* Images.xcassets */,
			);
			path = Images;
			sourceTree = "<group>";
		};
		680BCD0E1802E85800CEBF9C /* Storybards */ = {
			isa = PBXGroup;
			children = (
				680BCD0F1802E85800CEBF9C /* Main.storyboard */,
			);
			path = Storybards;
			sourceTree = "<group>";
		};
		680BCD111802E85800CEBF9C /* Strings */ = {
			isa = PBXGroup;
			children = (
				680BCD121802E85800CEBF9C /* InfoPlist.strings */,
			);
			path = Strings;
			sourceTree = "<group>";
		};
		680BCD141802E85800CEBF9C /* Settings */ = {
			isa = PBXGroup;
			children = (
				680BCD151802E85800CEBF9C /* contacts-Info.plist */,
				681136C818055FF400BFB3BD /* Settings.bundle */,
			);
			path = Settings;
			sourceTree = "<group>";
		};
		680BCD161802E85800CEBF9C /* Sources */ = {
			isa = PBXGroup;
			children = (
				680BCD171802E85800CEBF9C /* app */,
				682BA27A1813E142007498CE /* contacts */,
				680BCD1C1802E85800CEBF9C /* utils */,
				680BCD231802E85800CEBF9C /* view */,
			);
			path = Sources;
			sourceTree = "<group>";
		};
		680BCD171802E85800CEBF9C /* app */ = {
			isa = PBXGroup;
			children = (
				681136CA18056DA700BFB3BD /* settings */,
				680BCD181802E85800CEBF9C /* contacts-Prefix.pch */,
				680BCD191802E85800CEBF9C /* EXAppDelegate.h */,
				680BCD1A1802E85800CEBF9C /* EXAppDelegate.m */,
				680BCD1B1802E85800CEBF9C /* main.m */,
			);
			path = app;
			sourceTree = "<group>";
		};
		680BCD1C1802E85800CEBF9C /* utils */ = {
			isa = PBXGroup;
			children = (
				680BCD1D1802E85800CEBF9C /* alert */,
				680BCD201802E85800CEBF9C /* string */,
			);
			path = utils;
			sourceTree = "<group>";
		};
		680BCD1D1802E85800CEBF9C /* alert */ = {
			isa = PBXGroup;
			children = (
				680BCD1E1802E85800CEBF9C /* EXAlert.h */,
				680BCD1F1802E85800CEBF9C /* EXAlert.m */,
			);
			path = alert;
			sourceTree = "<group>";
		};
		680BCD201802E85800CEBF9C /* string */ = {
			isa = PBXGroup;
			children = (
				680BCD211802E85800CEBF9C /* NSString+Utils.h */,
				680BCD221802E85800CEBF9C /* NSString+Utils.m */,
			);
			path = string;
			sourceTree = "<group>";
		};
		680BCD231802E85800CEBF9C /* view */ = {
			isa = PBXGroup;
			children = (
				68B7D9861806B09B008B5D82 /* constants */,
				680BCD241802E85800CEBF9C /* controller */,
			);
			path = view;
			sourceTree = "<group>";
		};
		680BCD241802E85800CEBF9C /* controller */ = {
			isa = PBXGroup;
			children = (
				680BCD251802E85800CEBF9C /* EXLoginViewController.h */,
				680BCD261802E85800CEBF9C /* EXLoginViewController.m */,
				681136C518054C7600BFB3BD /* EXContactsViewController.h */,
				681136C618054C7600BFB3BD /* EXContactsViewController.m */,
				68038CFC1807E45100ECCBA2 /* EXAddressBookDeniedViewController.h */,
				68038CFD1807E45100ECCBA2 /* EXAddressBookDeniedViewController.m */,
			);
			path = controller;
			sourceTree = "<group>";
		};
		681136CA18056DA700BFB3BD /* settings */ = {
			isa = PBXGroup;
			children = (
				681136CB18056DC400BFB3BD /* EXAppSettings.h */,
				681136CC18056DC400BFB3BD /* EXAppSettings.m */,
			);
			path = settings;
			sourceTree = "<group>";
		};
		682BA27A1813E142007498CE /* contacts */ = {
			isa = PBXGroup;
			children = (
				682BA27B1813E142007498CE /* rest */,
				682BA2841813E142007498CE /* storage */,
				682BA2961813E142007498CE /* sync */,
			);
			path = contacts;
			sourceTree = "<group>";
		};
		682BA27B1813E142007498CE /* rest */ = {
			isa = PBXGroup;
			children = (
				682BA27C1813E142007498CE /* data */,
				682BA27F1813E142007498CE /* service */,
			);
			path = rest;
			sourceTree = "<group>";
		};
		682BA27C1813E142007498CE /* data */ = {
			isa = PBXGroup;
			children = (
				682BA27D1813E142007498CE /* EXContact.h */,
				682BA27E1813E142007498CE /* EXContact.m */,
			);
			path = data;
			sourceTree = "<group>";
		};
		682BA27F1813E142007498CE /* service */ = {
			isa = PBXGroup;
			children = (
				682BA2801813E142007498CE /* EXContactsMapping.h */,
				682BA2811813E142007498CE /* EXContactsMapping.m */,
				682BA2821813E142007498CE /* EXContactsService.h */,
				682BA2831813E142007498CE /* EXContactsService.m */,
			);
			path = service;
			sourceTree = "<group>";
		};
		682BA2841813E142007498CE /* storage */ = {
			isa = PBXGroup;
			children = (
				682BA2851813E142007498CE /* addressbook */,
				682BA28A1813E142007498CE /* EXContactsStorage.h */,
				682BA28B1813E142007498CE /* EXContactsStorage.m */,
				682BA28C1813E142007498CE /* info */,
			);
			path = storage;
			sourceTree = "<group>";
		};
		682BA2851813E142007498CE /* addressbook */ = {
			isa = PBXGroup;
			children = (
				682BA2861813E142007498CE /* EXABPersonAttribute.h */,
				682BA2871813E142007498CE /* EXABPersonAttribute.m */,
				682BA2881813E142007498CE /* EXContactsAddressBook.h */,
				682BA2891813E142007498CE /* EXContactsAddressBook.m */,
			);
			path = addressbook;
			sourceTree = "<group>";
		};
		682BA28C1813E142007498CE /* info */ = {
			isa = PBXGroup;
			children = (
				682BA28D1813E142007498CE /* coredata */,
				682BA2941813E142007498CE /* EXContactsInfoStorage.h */,
				682BA2951813E142007498CE /* EXContactsInfoStorage.m */,
			);
			path = info;
			sourceTree = "<group>";
		};
		682BA28D1813E142007498CE /* coredata */ = {
			isa = PBXGroup;
			children = (
				682BA28E1813E142007498CE /* human */,
				682BA2911813E142007498CE /* machine */,
			);
			path = coredata;
			sourceTree = "<group>";
		};
		682BA28E1813E142007498CE /* human */ = {
			isa = PBXGroup;
			children = (
				682BA28F1813E142007498CE /* EXContactInfo.h */,
				682BA2901813E142007498CE /* EXContactInfo.m */,
			);
			path = human;
			sourceTree = "<group>";
		};
		682BA2911813E142007498CE /* machine */ = {
			isa = PBXGroup;
			children = (
				682BA2921813E142007498CE /* _EXContactInfo.h */,
				682BA2931813E142007498CE /* _EXContactInfo.m */,
			);
			path = machine;
			sourceTree = "<group>";
		};
		682BA2961813E142007498CE /* sync */ = {
			isa = PBXGroup;
			children = (
				682BA2A31813E192007498CE /* EXContactsSyncer.h */,
				682BA2A41813E192007498CE /* EXContactsSyncer.m */,
				682BA2971813E142007498CE /* EXContactsPhotoSyncer.h */,
				682BA2981813E142007498CE /* EXContactsPhotoSyncer.m */,
			);
			path = sync;
			sourceTree = "<group>";
		};
		6879F6781802E7450069226A = {
			isa = PBXGroup;
			children = (
				680BCD0A1802E85800CEBF9C /* contacts */,
				6879F6831802E7450069226A /* Frameworks */,
				6879F6821802E7450069226A /* Products */,
				B6ED67CD77984ED482212DB6 /* Pods.xcconfig */,
			);
			sourceTree = "<group>";
		};
		6879F6821802E7450069226A /* Products */ = {
			isa = PBXGroup;
			children = (
				6879F6811802E7450069226A /* contacts.app */,
			);
			name = Products;
			sourceTree = "<group>";
		};
		6879F6831802E7450069226A /* Frameworks */ = {
			isa = PBXGroup;
			children = (
				6879F6841802E7450069226A /* Foundation.framework */,
				6879F6861802E7450069226A /* CoreGraphics.framework */,
				6879F6881802E7450069226A /* UIKit.framework */,
				6879F6A31802E7460069226A /* XCTest.framework */,
				B1A38B55E8B94A4389447BA5 /* libPods.a */,
			);
			name = Frameworks;
			sourceTree = "<group>";
		};
		68B23A68180819B600722C74 /* Database */ = {
			isa = PBXGroup;
			children = (
				6877C328180C2299009BA4F2 /* contacts.xcdatamodeld */,
			);
			path = Database;
			sourceTree = "<group>";
		};
		68B7D9861806B09B008B5D82 /* constants */ = {
			isa = PBXGroup;
			children = (
				68B7D9871806B0BE008B5D82 /* EXMainStoryboard.h */,
				68B7D9881806B0BE008B5D82 /* EXMainStoryboard.m */,
			);
			path = constants;
			sourceTree = "<group>";
		};
/* End PBXGroup section */

/* Begin PBXNativeTarget section */
		6879F6801802E7450069226A /* contacts */ = {
			isa = PBXNativeTarget;
			buildConfigurationList = 6879F6B31802E7460069226A /* Build configuration list for PBXNativeTarget "contacts" */;
			buildPhases = (
				D07CB34F375841E29DE42B45 /* Check Pods Manifest.lock */,
				6879F67D1802E7450069226A /* Sources */,
				6879F67E1802E7450069226A /* Frameworks */,
				6879F67F1802E7450069226A /* Resources */,
				1C09B8D99AE24943A1DD2230 /* Copy Pods Resources */,
			);
			buildRules = (
			);
			dependencies = (
				682BA2791812A9B6007498CE /* PBXTargetDependency */,
			);
			name = contacts;
			productName = contacts;
			productReference = 6879F6811802E7450069226A /* contacts.app */;
			productType = "com.apple.product-type.application";
		};
/* End PBXNativeTarget section */

/* Begin PBXProject section */
		6879F6791802E7450069226A /* Project object */ = {
			isa = PBXProject;
			attributes = {
				CLASSPREFIX = EX;
				LastUpgradeCheck = 0500;
				ORGANIZATIONNAME = "Sergey Seroshtan";
			};
			buildConfigurationList = 6879F67C1802E7450069226A /* Build configuration list for PBXProject "contacts" */;
			compatibilityVersion = "Xcode 3.2";
			developmentRegion = English;
			hasScannedForEncodings = 0;
			knownRegions = (
				en,
				Base,
			);
			mainGroup = 6879F6781802E7450069226A;
			productRefGroup = 6879F6821802E7450069226A /* Products */;
			projectDirPath = "";
			projectRoot = "";
			targets = (
				6879F6801802E7450069226A /* contacts */,
				6877C322180C200F009BA4F2 /* mogenerator */,
			);
		};
/* End PBXProject section */

/* Begin PBXResourcesBuildPhase section */
		6879F67F1802E7450069226A /* Resources */ = {
			isa = PBXResourcesBuildPhase;
			buildActionMask = 2147483647;
			files = (
				681136C918055FF400BFB3BD /* Settings.bundle in Resources */,
				680BCD271802E85800CEBF9C /* Images.xcassets in Resources */,
				680BCD291802E85800CEBF9C /* InfoPlist.strings in Resources */,
				680BCD281802E85800CEBF9C /* Main.storyboard in Resources */,
			);
			runOnlyForDeploymentPostprocessing = 0;
		};
/* End PBXResourcesBuildPhase section */

/* Begin PBXShellScriptBuildPhase section */
		1C09B8D99AE24943A1DD2230 /* Copy Pods Resources */ = {
			isa = PBXShellScriptBuildPhase;
			buildActionMask = 2147483647;
			files = (
			);
			inputPaths = (
			);
			name = "Copy Pods Resources";
			outputPaths = (
			);
			runOnlyForDeploymentPostprocessing = 0;
			shellPath = /bin/sh;
			shellScript = "\"${SRCROOT}/Pods/Pods-resources.sh\"\n";
			showEnvVarsInLog = 0;
		};
		6877C327180C222C009BA4F2 /* ShellScript */ = {
			isa = PBXShellScriptBuildPhase;
			buildActionMask = 2147483647;
			files = (
			);
			inputPaths = (
			);
			outputPaths = (
			);
			runOnlyForDeploymentPostprocessing = 0;
			shellPath = /bin/sh;
			shellScript = "cd \"${SOURCE_ROOT}/${PROJECT_NAME}\"\nmogenerator --template-var arc=true --model \"Resources/Database/contacts.xcdatamodeld/contacts.xcdatamodel\" --output-dir \"Sources/storage/info/coredata\" --machine-dir \"Sources/storage/info/coredata/machine\" --human-dir \"Sources/storage/info/coredata/human\"";
		};
		D07CB34F375841E29DE42B45 /* Check Pods Manifest.lock */ = {
			isa = PBXShellScriptBuildPhase;
			buildActionMask = 2147483647;
			files = (
			);
			inputPaths = (
			);
			name = "Check Pods Manifest.lock";
			outputPaths = (
			);
			runOnlyForDeploymentPostprocessing = 0;
			shellPath = /bin/sh;
			shellScript = "diff \"${PODS_ROOT}/../Podfile.lock\" \"${PODS_ROOT}/Manifest.lock\" > /dev/null\nif [[ $? != 0 ]] ; then\n    cat << EOM\nerror: The sandbox is not in sync with the Podfile.lock. Run 'pod install' or update your CocoaPods installation.\nEOM\n    exit 1\nfi\n";
			showEnvVarsInLog = 0;
		};
/* End PBXShellScriptBuildPhase section */

/* Begin PBXSourcesBuildPhase section */
		6879F67D1802E7450069226A /* Sources */ = {
			isa = PBXSourcesBuildPhase;
			buildActionMask = 2147483647;
			files = (
				682BA2A51813E192007498CE /* EXContactsSyncer.m in Sources */,
				682BA2A21813E142007498CE /* EXContactsPhotoSyncer.m in Sources */,
				68038CFE1807E45100ECCBA2 /* EXAddressBookDeniedViewController.m in Sources */,
				682BA29F1813E142007498CE /* EXContactInfo.m in Sources */,
				680BCD2C1802E85800CEBF9C /* main.m in Sources */,
				682BA29A1813E142007498CE /* EXContactsMapping.m in Sources */,
				680BCD2D1802E85800CEBF9C /* EXAlert.m in Sources */,
				680BCD2F1802E85800CEBF9C /* EXLoginViewController.m in Sources */,
				681136CD18056DC400BFB3BD /* EXAppSettings.m in Sources */,
				682BA2991813E142007498CE /* EXContact.m in Sources */,
				682BA29C1813E142007498CE /* EXABPersonAttribute.m in Sources */,
				68B7D9891806B0BE008B5D82 /* EXMainStoryboard.m in Sources */,
				680BCD2B1802E85800CEBF9C /* EXAppDelegate.m in Sources */,
				682BA29D1813E142007498CE /* EXContactsAddressBook.m in Sources */,
				682BA29B1813E142007498CE /* EXContactsService.m in Sources */,
				681136C718054C7600BFB3BD /* EXContactsViewController.m in Sources */,
				680BCD2E1802E85800CEBF9C /* NSString+Utils.m in Sources */,
				6877C32A180C2299009BA4F2 /* contacts.xcdatamodeld in Sources */,
				682BA29E1813E142007498CE /* EXContactsStorage.m in Sources */,
				682BA2A01813E142007498CE /* _EXContactInfo.m in Sources */,
				682BA2A11813E142007498CE /* EXContactsInfoStorage.m in Sources */,
			);
			runOnlyForDeploymentPostprocessing = 0;
		};
/* End PBXSourcesBuildPhase section */

/* Begin PBXTargetDependency section */
		682BA2791812A9B6007498CE /* PBXTargetDependency */ = {
			isa = PBXTargetDependency;
			target = 6877C322180C200F009BA4F2 /* mogenerator */;
			targetProxy = 682BA2781812A9B6007498CE /* PBXContainerItemProxy */;
		};
/* End PBXTargetDependency section */

/* Begin PBXVariantGroup section */
		680BCD0F1802E85800CEBF9C /* Main.storyboard */ = {
			isa = PBXVariantGroup;
			children = (
				680BCD101802E85800CEBF9C /* Base */,
			);
			name = Main.storyboard;
			sourceTree = "<group>";
		};
		680BCD121802E85800CEBF9C /* InfoPlist.strings */ = {
			isa = PBXVariantGroup;
			children = (
				680BCD131802E85800CEBF9C /* en */,
			);
			name = InfoPlist.strings;
			sourceTree = "<group>";
		};
/* End PBXVariantGroup section */

/* Begin XCBuildConfiguration section */
		6877C323180C200F009BA4F2 /* Debug */ = {
			isa = XCBuildConfiguration;
			buildSettings = {
				PRODUCT_NAME = "$(TARGET_NAME)";
			};
			name = Debug;
		};
		6877C324180C200F009BA4F2 /* Release */ = {
			isa = XCBuildConfiguration;
			buildSettings = {
				PRODUCT_NAME = "$(TARGET_NAME)";
			};
			name = Release;
		};
		6879F6B11802E7460069226A /* Debug */ = {
			isa = XCBuildConfiguration;
			buildSettings = {
				ALWAYS_SEARCH_USER_PATHS = NO;
				ARCHS = "$(ARCHS_STANDARD_INCLUDING_64_BIT)";
				CLANG_CXX_LANGUAGE_STANDARD = "gnu++0x";
				CLANG_CXX_LIBRARY = "libc++";
				CLANG_ENABLE_MODULES = YES;
				CLANG_ENABLE_OBJC_ARC = YES;
				CLANG_WARN_BOOL_CONVERSION = YES;
				CLANG_WARN_CONSTANT_CONVERSION = YES;
				CLANG_WARN_DIRECT_OBJC_ISA_USAGE = YES_ERROR;
				CLANG_WARN_EMPTY_BODY = YES;
				CLANG_WARN_ENUM_CONVERSION = YES;
				CLANG_WARN_INT_CONVERSION = YES;
				CLANG_WARN_OBJC_ROOT_CLASS = YES_ERROR;
				CLANG_WARN__DUPLICATE_METHOD_MATCH = YES;
				"CODE_SIGN_IDENTITY[sdk=iphoneos*]" = "iPhone Developer";
				COPY_PHASE_STRIP = NO;
				GCC_C_LANGUAGE_STANDARD = gnu99;
				GCC_DYNAMIC_NO_PIC = NO;
				GCC_OPTIMIZATION_LEVEL = 0;
				GCC_PREPROCESSOR_DEFINITIONS = (
					"DEBUG=1",
					"$(inherited)",
				);
				GCC_SYMBOLS_PRIVATE_EXTERN = NO;
				GCC_WARN_64_TO_32_BIT_CONVERSION = YES;
				GCC_WARN_ABOUT_RETURN_TYPE = YES_ERROR;
				GCC_WARN_UNDECLARED_SELECTOR = YES;
				GCC_WARN_UNINITIALIZED_AUTOS = YES;
				GCC_WARN_UNUSED_FUNCTION = YES;
				GCC_WARN_UNUSED_VARIABLE = YES;
				IPHONEOS_DEPLOYMENT_TARGET = 7.0;
				ONLY_ACTIVE_ARCH = YES;
				SDKROOT = iphoneos;
			};
			name = Debug;
		};
		6879F6B21802E7460069226A /* Release */ = {
			isa = XCBuildConfiguration;
			buildSettings = {
				ALWAYS_SEARCH_USER_PATHS = NO;
				ARCHS = "$(ARCHS_STANDARD_INCLUDING_64_BIT)";
				CLANG_CXX_LANGUAGE_STANDARD = "gnu++0x";
				CLANG_CXX_LIBRARY = "libc++";
				CLANG_ENABLE_MODULES = YES;
				CLANG_ENABLE_OBJC_ARC = YES;
				CLANG_WARN_BOOL_CONVERSION = YES;
				CLANG_WARN_CONSTANT_CONVERSION = YES;
				CLANG_WARN_DIRECT_OBJC_ISA_USAGE = YES_ERROR;
				CLANG_WARN_EMPTY_BODY = YES;
				CLANG_WARN_ENUM_CONVERSION = YES;
				CLANG_WARN_INT_CONVERSION = YES;
				CLANG_WARN_OBJC_ROOT_CLASS = YES_ERROR;
				CLANG_WARN__DUPLICATE_METHOD_MATCH = YES;
				"CODE_SIGN_IDENTITY[sdk=iphoneos*]" = "iPhone Developer";
				COPY_PHASE_STRIP = YES;
				ENABLE_NS_ASSERTIONS = NO;
				GCC_C_LANGUAGE_STANDARD = gnu99;
				GCC_WARN_64_TO_32_BIT_CONVERSION = YES;
				GCC_WARN_ABOUT_RETURN_TYPE = YES_ERROR;
				GCC_WARN_UNDECLARED_SELECTOR = YES;
				GCC_WARN_UNINITIALIZED_AUTOS = YES;
				GCC_WARN_UNUSED_FUNCTION = YES;
				GCC_WARN_UNUSED_VARIABLE = YES;
				IPHONEOS_DEPLOYMENT_TARGET = 7.0;
				SDKROOT = iphoneos;
				VALIDATE_PRODUCT = YES;
			};
			name = Release;
		};
		6879F6B41802E7460069226A /* Debug */ = {
			isa = XCBuildConfiguration;
			baseConfigurationReference = B6ED67CD77984ED482212DB6 /* Pods.xcconfig */;
			buildSettings = {
				ASSETCATALOG_COMPILER_APPICON_NAME = AppIcon;
				ASSETCATALOG_COMPILER_LAUNCHIMAGE_NAME = LaunchImage;
				GCC_PRECOMPILE_PREFIX_HEADER = YES;
				GCC_PREFIX_HEADER = "contacts/Sources/app/contacts-Prefix.pch";
				INFOPLIST_FILE = "contacts/Settings/contacts-Info.plist";
				PRODUCT_NAME = "$(TARGET_NAME)";
				WRAPPER_EXTENSION = app;
			};
			name = Debug;
		};
		6879F6B51802E7460069226A /* Release */ = {
			isa = XCBuildConfiguration;
			baseConfigurationReference = B6ED67CD77984ED482212DB6 /* Pods.xcconfig */;
			buildSettings = {
				ASSETCATALOG_COMPILER_APPICON_NAME = AppIcon;
				ASSETCATALOG_COMPILER_LAUNCHIMAGE_NAME = LaunchImage;
				GCC_PRECOMPILE_PREFIX_HEADER = YES;
				GCC_PREFIX_HEADER = "contacts/Sources/app/contacts-Prefix.pch";
				INFOPLIST_FILE = "contacts/Settings/contacts-Info.plist";
				PRODUCT_NAME = "$(TARGET_NAME)";
				WRAPPER_EXTENSION = app;
			};
			name = Release;
		};
/* End XCBuildConfiguration section */

/* Begin XCConfigurationList section */
		6877C325180C200F009BA4F2 /* Build configuration list for PBXAggregateTarget "mogenerator" */ = {
			isa = XCConfigurationList;
			buildConfigurations = (
				6877C323180C200F009BA4F2 /* Debug */,
				6877C324180C200F009BA4F2 /* Release */,
			);
			defaultConfigurationIsVisible = 0;
			defaultConfigurationName = Release;
		};
		6879F67C1802E7450069226A /* Build configuration list for PBXProject "contacts" */ = {
			isa = XCConfigurationList;
			buildConfigurations = (
				6879F6B11802E7460069226A /* Debug */,
				6879F6B21802E7460069226A /* Release */,
			);
			defaultConfigurationIsVisible = 0;
			defaultConfigurationName = Release;
		};
		6879F6B31802E7460069226A /* Build configuration list for PBXNativeTarget "contacts" */ = {
			isa = XCConfigurationList;
			buildConfigurations = (
				6879F6B41802E7460069226A /* Debug */,
				6879F6B51802E7460069226A /* Release */,
			);
			defaultConfigurationIsVisible = 0;
			defaultConfigurationName = Release;
		};
/* End XCConfigurationList section */

/* Begin XCVersionGroup section */
		6877C328180C2299009BA4F2 /* contacts.xcdatamodeld */ = {
			isa = XCVersionGroup;
			children = (
				6877C329180C2299009BA4F2 /* contacts.xcdatamodel */,
			);
			currentVersion = 6877C329180C2299009BA4F2 /* contacts.xcdatamodel */;
			path = contacts.xcdatamodeld;
			sourceTree = "<group>";
			versionGroupType = wrapper.xcdatamodel;
		};
/* End XCVersionGroup section */
	};
	rootObject = 6879F6791802E7450069226A /* Project object */;
}
